
Microsoft Visual Studio Solution File, Format Version 12.00
# Visual Studio Version 16
VisualStudioVersion = 16.0.32106.194
MinimumVisualStudioVersion = 10.0.40219.1
Project("{FAE04EC0-301F-11D3-BF4B-00C04F79EFBC}") = "SimpleEncrypter", "SimpleEncrypter.csproj", "{7E0A4CDA-5CB9-4B59-A2DD-D014168F21FE}"
EndProject
Global
	GlobalSection(SolutionConfigurationPlatforms) = preSolution
		Debug|Any CPU = Debug|Any CPU
		Release|Any CPU = Release|Any CPU
	EndGlobalSection
	GlobalSection(ProjectConfigurationPlatforms) = postSolution
		{7E0A4CDA-5CB9-4B59-A2DD-D014168F21FE}.Debug|Any CPU.ActiveCfg = Debug|Any CPU
		{7E0A4CDA-5CB9-4B59-A2DD-D014168F21FE}.Debug|Any CPU.Build.0 = Debug|Any CPU
		{7E0A4CDA-5CB9-4B59-A2DD-D014168F21FE}.Release|Any CPU.ActiveCfg = Release|Any CPU
		{7E0A4CDA-5CB9-4B59-A2DD-D014168F21FE}.Release|Any CPU.Build.0 = Release|Any CPU
	EndGlobalSection
	GlobalSection(SolutionProperties) = preSolution
		HideSolutionNode = FALSE
	EndGlobalSection
	GlobalSection(ExtensibilityGlobals) = postSolution
		SolutionGuid = {CE5FC73C-2EE3-4888-94C4-75FC07C605C1}
	EndGlobalSection
EndGlobal
